
Microsoft Visual Studio Solution File, Format Version 12.00
# Visual Studio Version 17
VisualStudioVersion = 17.6.33723.286
MinimumVisualStudioVersion = 10.0.40219.1
Project("{FAE04EC0-301F-11D3-BF4B-00C04F79EFBC}") = "Register", "Register.csproj", "{36901F99-9407-4C2C-8ADF-32F2EF1669B8}"
EndProject
Global
	GlobalSection(SolutionConfigurationPlatforms) = preSolution
		Debug|Any CPU = Debug|Any CPU
		Release|Any CPU = Release|Any CPU
	EndGlobalSection
	GlobalSection(ProjectConfigurationPlatforms) = postSolution
		{36901F99-9407-4C2C-8ADF-32F2EF1669B8}.Debug|Any CPU.ActiveCfg = Debug|Any CPU
		{36901F99-9407-4C2C-8ADF-32F2EF1669B8}.Debug|Any CPU.Build.0 = Debug|Any CPU
		{36901F99-9407-4C2C-8ADF-32F2EF1669B8}.Release|Any CPU.ActiveCfg = Release|Any CPU
		{36901F99-9407-4C2C-8ADF-32F2EF1669B8}.Release|Any CPU.Build.0 = Release|Any CPU
	EndGlobalSection
	GlobalSection(SolutionProperties) = preSolution
		HideSolutionNode = FALSE
	EndGlobalSection
	GlobalSection(ExtensibilityGlobals) = postSolution
		SolutionGuid = {3215FC40-722A-4467-981E-9FF116003969}
	EndGlobalSection
EndGlobal
